
Microsoft Visual Studio Solution File, Format Version 12.00
# Visual Studio Version 17
VisualStudioVersion = 17.5.33424.131
MinimumVisualStudioVersion = 10.0.40219.1
Project("{FAE04EC0-301F-11D3-BF4B-00C04F79EFBC}") = "MassTransitRepro", "MassTransitRepro.csproj", "{11EB60CD-3EE1-40A6-AFB6-B3C86BE56B14}"
EndProject
Global
	GlobalSection(SolutionConfigurationPlatforms) = preSolution
		Debug|Any CPU = Debug|Any CPU
		Release|Any CPU = Release|Any CPU
	EndGlobalSection
	GlobalSection(ProjectConfigurationPlatforms) = postSolution
		{11EB60CD-3EE1-40A6-AFB6-B3C86BE56B14}.Debug|Any CPU.ActiveCfg = Debug|Any CPU
		{11EB60CD-3EE1-40A6-AFB6-B3C86BE56B14}.Debug|Any CPU.Build.0 = Debug|Any CPU
		{11EB60CD-3EE1-40A6-AFB6-B3C86BE56B14}.Release|Any CPU.ActiveCfg = Release|Any CPU
		{11EB60CD-3EE1-40A6-AFB6-B3C86BE56B14}.Release|Any CPU.Build.0 = Release|Any CPU
	EndGlobalSection
	GlobalSection(SolutionProperties) = preSolution
		HideSolutionNode = FALSE
	EndGlobalSection
	GlobalSection(ExtensibilityGlobals) = postSolution
		SolutionGuid = {21DA4184-7515-45F6-B248-8A9FED7A547E}
	EndGlobalSection
EndGlobal
